
Microsoft Visual Studio Solution File, Format Version 12.00
# Visual Studio Version 17
VisualStudioVersion = 17.4.33205.214
MinimumVisualStudioVersion = 10.0.40219.1
Project("{FAE04EC0-301F-11D3-BF4B-00C04F79EFBC}") = "PrincessLegacyEnchantedRealms", "PrincessLegacyEnchantedRealms\PrincessLegacyEnchantedRealms.csproj", "{1112BEAD-C942-4E03-98F8-0C4DB134AE05}"
EndProject
Global
	GlobalSection(SolutionConfigurationPlatforms) = preSolution
		Debug|Any CPU = Debug|Any CPU
		Release|Any CPU = Release|Any CPU
	EndGlobalSection
	GlobalSection(ProjectConfigurationPlatforms) = postSolution
		{1112BEAD-C942-4E03-98F8-0C4DB134AE05}.Debug|Any CPU.ActiveCfg = Debug|Any CPU
		{1112BEAD-C942-4E03-98F8-0C4DB134AE05}.Debug|Any CPU.Build.0 = Debug|Any CPU
		{1112BEAD-C942-4E03-98F8-0C4DB134AE05}.Release|Any CPU.ActiveCfg = Release|Any CPU
		{1112BEAD-C942-4E03-98F8-0C4DB134AE05}.Release|Any CPU.Build.0 = Release|Any CPU
	EndGlobalSection
	GlobalSection(SolutionProperties) = preSolution
		HideSolutionNode = FALSE
	EndGlobalSection
	GlobalSection(ExtensibilityGlobals) = postSolution
		SolutionGuid = {FAD7F0E3-6140-4F51-A57F-51F90EA50AE3}
	EndGlobalSection
EndGlobal
